
Microsoft Visual Studio Solution File, Format Version 12.00
# Visual Studio Version 16
VisualStudioVersion = 16.0.29709.97
MinimumVisualStudioVersion = 10.0.40219.1
Project("{FAE04EC0-301F-11D3-BF4B-00C04F79EFBC}") = "ChooseWhatToDo", "ChooseWhatToDo\ChooseWhatToDo.csproj", "{0DD95896-E5D7-4392-B384-69B08AB6EB79}"
EndProject
Global
	GlobalSection(SolutionConfigurationPlatforms) = preSolution
		Debug|Any CPU = Debug|Any CPU
		Release|Any CPU = Release|Any CPU
	EndGlobalSection
	GlobalSection(ProjectConfigurationPlatforms) = postSolution
		{0DD95896-E5D7-4392-B384-69B08AB6EB79}.Debug|Any CPU.ActiveCfg = Debug|Any CPU
		{0DD95896-E5D7-4392-B384-69B08AB6EB79}.Debug|Any CPU.Build.0 = Debug|Any CPU
		{0DD95896-E5D7-4392-B384-69B08AB6EB79}.Release|Any CPU.ActiveCfg = Release|Any CPU
		{0DD95896-E5D7-4392-B384-69B08AB6EB79}.Release|Any CPU.Build.0 = Release|Any CPU
	EndGlobalSection
	GlobalSection(SolutionProperties) = preSolution
		HideSolutionNode = FALSE
	EndGlobalSection
	GlobalSection(ExtensibilityGlobals) = postSolution
		SolutionGuid = {B59950BE-A8F8-4AAD-B647-F11355832826}
	EndGlobalSection
EndGlobal
